<?xml version="1.0" encoding="utf-8"?>
<Project ToolsVersion="4.0" xmlns="http://schemas.microsoft.com/developer/msbuild/2003">
  <ItemGroup>
    <Filter Include="02.Engine">
      <UniqueIdentifier>{3fdedf74-e396-43e5-9b53-531c5e5a726b}</UniqueIdentifier>
    </Filter>
    <Filter Include="01.Header">
      <UniqueIdentifier>{f622a53a-be3e-4c23-942c-4d5dd12dcdc5}</UniqueIdentifier>
    </Filter>
    <Filter Include="Default">
      <UniqueIdentifier>{d09c2afb-19fa-43ba-aacb-41555a0b178f}</UniqueIdentifier>
    </Filter>
    <Filter Include="03.Device">
      <UniqueIdentifier>{18284bb0-c0bf-4711-b768-b7d1eaf186e1}</UniqueIdentifier>
    </Filter>
    <Filter Include="Module">
      <UniqueIdentifier>{6895ea75-1f12-43e1-bd31-ad6404e4334d}</UniqueIdentifier>
    </Filter>
    <Filter Include="HLSL">
      <UniqueIdentifier>{24904f5c-4e80-455a-bbd0-6ce102c26cb5}</UniqueIdentifier>
    </Filter>
    <Filter Include="04.Manager">
      <UniqueIdentifier>{5a5a499d-53bb-487d-a240-c502bcc0bb29}</UniqueIdentifier>
    </Filter>
    <Filter Include="04.Manager\01.TimeMgr">
      <UniqueIdentifier>{344d5d1b-82b8-4784-a85d-26d2850d0f09}</UniqueIdentifier>
    </Filter>
    <Filter Include="04.Manager\02.PathMgr">
      <UniqueIdentifier>{65116050-ddb5-4432-90e1-94c9ae3a40b3}</UniqueIdentifier>
    </Filter>
    <Filter Include="04.Manager\03.KeyMgr">
      <UniqueIdentifier>{3917056f-27fd-45e6-9272-da489244c813}</UniqueIdentifier>
    </Filter>
    <Filter Include="03.Device\ConstantBuffer">
      <UniqueIdentifier>{9e4b5877-539f-435d-a633-3189c586fb25}</UniqueIdentifier>
    </Filter>
    <Filter Include="04.Manager\04.AssetMgr">
      <UniqueIdentifier>{14c835fa-7f35-4f3f-a21b-bffd717f9eb5}</UniqueIdentifier>
    </Filter>
    <Filter Include="Scripts">
      <UniqueIdentifier>{d9bfdb4e-2b7f-499d-ac94-beb771a6e5f3}</UniqueIdentifier>
    </Filter>
    <Filter Include="06.GameObject">
      <UniqueIdentifier>{dd507ae1-f213-4688-8882-6ce0d54e5e5a}</UniqueIdentifier>
    </Filter>
    <Filter Include="07.Component">
      <UniqueIdentifier>{89250842-9ddc-4c7c-bca3-ca66bfaf6d81}</UniqueIdentifier>
    </Filter>
    <Filter Include="07.Component\01.Transform">
      <UniqueIdentifier>{4245390e-b502-44c0-a062-7b342791de17}</UniqueIdentifier>
    </Filter>
    <Filter Include="07.Component\02.Camera">
      <UniqueIdentifier>{ba0aaf23-547a-42f1-8275-50704737833b}</UniqueIdentifier>
    </Filter>
    <Filter Include="07.Component\03.Collision2D">
      <UniqueIdentifier>{a204cc3b-fb0a-4a7b-a87b-0e0e8fcb423d}</UniqueIdentifier>
    </Filter>
    <Filter Include="07.Component\04.Collision3D">
      <UniqueIdentifier>{5b4f89ed-0525-403a-bb5a-8dcf81cbaea0}</UniqueIdentifier>
    </Filter>
    <Filter Include="07.Component\07.Light2D">
      <UniqueIdentifier>{ae9db85f-e1e8-450a-8248-d6028383d280}</UniqueIdentifier>
    </Filter>
    <Filter Include="07.Component\08.Light3D">
      <UniqueIdentifier>{8e3fedb5-3467-4eb2-8c1b-453ddf940622}</UniqueIdentifier>
    </Filter>
    <Filter Include="07.Component\Script">
      <UniqueIdentifier>{0d66e915-d32f-40d1-9d47-bcac257c4080}</UniqueIdentifier>
    </Filter>
    <Filter Include="07.Component\09.Render">
      <UniqueIdentifier>{c90a806c-43d9-45f4-bee7-3bba90bdb352}</UniqueIdentifier>
    </Filter>
    <Filter Include="07.Component\09.Render\Decal">
      <UniqueIdentifier>{dc510852-9819-4e99-a9bf-d6d25e397ae2}</UniqueIdentifier>
    </Filter>
    <Filter Include="07.Component\09.Render\Landscape">
      <UniqueIdentifier>{7baf29b5-bda8-4f94-a91b-9ea059dc764e}</UniqueIdentifier>
    </Filter>
    <Filter Include="07.Component\09.Render\SkyBox">
      <UniqueIdentifier>{37d39450-c67d-4931-a6a1-ba6bc60c71c2}</UniqueIdentifier>
    </Filter>
    <Filter Include="07.Component\09.Render\ParticleSystem">
      <UniqueIdentifier>{9b52cd77-4357-404a-a302-6f97d2cc4298}</UniqueIdentifier>
    </Filter>
    <Filter Include="07.Component\09.Render\TileMap">
      <UniqueIdentifier>{a5a7309c-dfad-41e6-9acd-29c18ff6a421}</UniqueIdentifier>
    </Filter>
    <Filter Include="07.Component\09.Render\01.MeshRender">
      <UniqueIdentifier>{3dc3e602-b5a3-489c-b229-6a5a9c3eb9c8}</UniqueIdentifier>
    </Filter>
    <Filter Include="08.Asset">
      <UniqueIdentifier>{b23e7bf2-d643-49a3-8122-71a5d9f705aa}</UniqueIdentifier>
    </Filter>
    <Filter Include="08.Asset\Mesh">
      <UniqueIdentifier>{9d2d6267-239a-48c5-9687-6b1f3765332b}</UniqueIdentifier>
    </Filter>
    <Filter Include="08.Asset\Shader">
      <UniqueIdentifier>{1d6e244e-5d0f-4fa3-8def-00405ba19f0c}</UniqueIdentifier>
    </Filter>
    <Filter Include="08.Asset\Shader\GraphicsShader">
      <UniqueIdentifier>{ae5ce05a-bf6b-4dd0-91bd-11f7cb0399c0}</UniqueIdentifier>
    </Filter>
    <Filter Include="08.Asset\Shader\ComputeShader">
      <UniqueIdentifier>{c0c84688-6871-4148-9c2a-192fffcabad7}</UniqueIdentifier>
    </Filter>
    <Filter Include="05.Level">
      <UniqueIdentifier>{83230f78-8084-4807-9173-78cc2fc0404e}</UniqueIdentifier>
    </Filter>
    <Filter Include="04.Manager\05.LevelMgr">
      <UniqueIdentifier>{00fc2d37-9de9-4083-967a-f153e230d756}</UniqueIdentifier>
    </Filter>
    <Filter Include="08.Asset\Texture">
      <UniqueIdentifier>{a1ecf712-900c-4347-831c-878252ad8719}</UniqueIdentifier>
    </Filter>
    <Filter Include="08.Asset\Material">
      <UniqueIdentifier>{3d0019f9-436e-4251-90fa-ba5cd659bc1c}</UniqueIdentifier>
    </Filter>
    <Filter Include="04.Manager\07.RenderMgr">
      <UniqueIdentifier>{901eebcd-cf2f-4dcf-bc58-806c078b614e}</UniqueIdentifier>
    </Filter>
    <Filter Include="04.Manager\08.DebugRenderMgr">
      <UniqueIdentifier>{6cacf794-a3bb-4757-899b-becd2181dd5a}</UniqueIdentifier>
    </Filter>
    <Filter Include="04.Manager\06.CollisionMgr">
      <UniqueIdentifier>{b7db854f-770a-4d7c-bfea-0ede1cc255f9}</UniqueIdentifier>
    </Filter>
    <Filter Include="07.Component\05.Animator2D">
      <UniqueIdentifier>{c3197fb1-7660-413b-900f-d2aeb353d8ae}</UniqueIdentifier>
    </Filter>
    <Filter Include="07.Component\06.Animator3D">
      <UniqueIdentifier>{85ebf7b3-510c-4929-acd4-2825fd99ed55}</UniqueIdentifier>
    </Filter>
    <Filter Include="07.Component\05.Animator2D\Animation">
      <UniqueIdentifier>{4801f8ce-1986-4cc6-b586-181346ca4a1d}</UniqueIdentifier>
    </Filter>
    <Filter Include="04.Manager\09.TaskMgr">
      <UniqueIdentifier>{6d53f8fa-c6ab-4a3d-915e-1607310ef675}</UniqueIdentifier>
    </Filter>
    <Filter Include="03.Device\StructuredBuffer">
      <UniqueIdentifier>{2d47a1b2-0869-413c-8a90-78f3de803c61}</UniqueIdentifier>
    </Filter>
    <Filter Include="HLSL\02.2D">
      <UniqueIdentifier>{52e6e5a8-c76a-435f-8755-9eb4a2af90aa}</UniqueIdentifier>
    </Filter>
    <Filter Include="HLSL\01.Header">
      <UniqueIdentifier>{8fb9c2c5-ea91-4155-9ac6-d96de7732a5e}</UniqueIdentifier>
    </Filter>
    <Filter Include="HLSL\03.3D">
      <UniqueIdentifier>{0145d9f9-b3e9-401e-86cd-12969e92cdf4}</UniqueIdentifier>
    </Filter>
    <Filter Include="HLSL\04.ComputeShader">
      <UniqueIdentifier>{f01d69c1-232b-4b21-b689-07859b68e758}</UniqueIdentifier>
    </Filter>
    <Filter Include="HLSL\04.ComputeShader\SetColorCS">
      <UniqueIdentifier>{bcdddc1a-f0ef-4c85-b4e6-ffff4639f244}</UniqueIdentifier>
    </Filter>
    <Filter Include="HLSL\04.ComputeShader\ParticleTickCS">
      <UniqueIdentifier>{91c1ece7-5508-40b5-9e37-a6ccb81b633e}</UniqueIdentifier>
    </Filter>
  </ItemGroup>
  <ItemGroup>
    <ClInclude Include="pch.h">
      <Filter>Default</Filter>
    </ClInclude>
    <ClInclude Include="framework.h">
      <Filter>Default</Filter>
    </ClInclude>
    <ClInclude Include="CEngine.h">
      <Filter>02.Engine</Filter>
    </ClInclude>
    <ClInclude Include="global.h">
      <Filter>01.Header</Filter>
    </ClInclude>
    <ClInclude Include="CDevice.h">
      <Filter>03.Device</Filter>
    </ClInclude>
    <ClInclude Include="SimpleMath.h">
      <Filter>Module</Filter>
    </ClInclude>
    <ClInclude Include="define.h">
      <Filter>01.Header</Filter>
    </ClInclude>
    <ClInclude Include="struct.h">
      <Filter>01.Header</Filter>
    </ClInclude>
    <ClInclude Include="singleton.h">
      <Filter>Module</Filter>
    </ClInclude>
    <ClInclude Include="CTimeMgr.h">
      <Filter>04.Manager\01.TimeMgr</Filter>
    </ClInclude>
    <ClInclude Include="CPathMgr.h">
      <Filter>04.Manager\02.PathMgr</Filter>
    </ClInclude>
    <ClInclude Include="CKeyMgr.h">
      <Filter>04.Manager\03.KeyMgr</Filter>
    </ClInclude>
    <ClInclude Include="CEntity.h">
      <Filter>Module</Filter>
    </ClInclude>
    <ClInclude Include="CAsset.h">
      <Filter>08.Asset</Filter>
    </ClInclude>
    <ClInclude Include="CGameObject.h">
      <Filter>06.GameObject</Filter>
    </ClInclude>
    <ClInclude Include="CComponent.h">
      <Filter>07.Component</Filter>
    </ClInclude>
    <ClInclude Include="CMesh.h">
      <Filter>08.Asset\Mesh</Filter>
    </ClInclude>
    <ClInclude Include="enum.h">
      <Filter>01.Header</Filter>
    </ClInclude>
    <ClInclude Include="CConstBuffer.h">
      <Filter>03.Device\ConstantBuffer</Filter>
    </ClInclude>
    <ClInclude Include="func.h">
      <Filter>01.Header</Filter>
    </ClInclude>
    <ClInclude Include="CShader.h">
      <Filter>08.Asset\Shader</Filter>
    </ClInclude>
    <ClInclude Include="CGraphicsShader.h">
      <Filter>08.Asset\Shader\GraphicsShader</Filter>
    </ClInclude>
    <ClInclude Include="CComputeShader.h">
      <Filter>08.Asset\Shader\ComputeShader</Filter>
    </ClInclude>
    <ClInclude Include="CAssetMgr.h">
      <Filter>04.Manager\04.AssetMgr</Filter>
    </ClInclude>
    <ClInclude Include="ptr.h">
      <Filter>08.Asset</Filter>
    </ClInclude>
    <ClInclude Include="components.h">
      <Filter>01.Header</Filter>
    </ClInclude>
    <ClInclude Include="assets.h">
      <Filter>01.Header</Filter>
    </ClInclude>
    <ClInclude Include="CRenderComponent.h">
      <Filter>07.Component\09.Render</Filter>
    </ClInclude>
    <ClInclude Include="CTransform.h">
      <Filter>07.Component\01.Transform</Filter>
    </ClInclude>
    <ClInclude Include="CMeshRender.h">
      <Filter>07.Component\09.Render\01.MeshRender</Filter>
    </ClInclude>
    <ClInclude Include="CScript.h">
      <Filter>07.Component\Script</Filter>
    </ClInclude>
    <ClInclude Include="CPlayerScript.h">
      <Filter>Scripts</Filter>
    </ClInclude>
    <ClInclude Include="CLevel.h">
      <Filter>05.Level</Filter>
    </ClInclude>
    <ClInclude Include="CLayer.h">
      <Filter>05.Level</Filter>
    </ClInclude>
    <ClInclude Include="CLevelMgr.h">
      <Filter>04.Manager\05.LevelMgr</Filter>
    </ClInclude>
    <ClInclude Include="CTexture.h">
      <Filter>08.Asset\Texture</Filter>
    </ClInclude>
    <ClInclude Include="CCamera.h">
      <Filter>07.Component\02.Camera</Filter>
    </ClInclude>
    <ClInclude Include="CRenderMgr.h">
      <Filter>04.Manager\07.RenderMgr</Filter>
    </ClInclude>
    <ClInclude Include="CCameraMoveScript.h">
      <Filter>Scripts</Filter>
    </ClInclude>
    <ClInclude Include="CMaterial.h">
      <Filter>08.Asset\Material</Filter>
    </ClInclude>
    <ClInclude Include="CDebugRenderMgr.h">
      <Filter>04.Manager\08.DebugRenderMgr</Filter>
    </ClInclude>
    <ClInclude Include="CCollision2D.h">
      <Filter>07.Component\03.Collision2D</Filter>
    </ClInclude>
    <ClInclude Include="CCollisionMgr.h">
      <Filter>04.Manager\06.CollisionMgr</Filter>
    </ClInclude>
    <ClInclude Include="CAnimator2D.h">
      <Filter>07.Component\05.Animator2D</Filter>
    </ClInclude>
    <ClInclude Include="CAnim2D.h">
      <Filter>07.Component\05.Animator2D\Animation</Filter>
    </ClInclude>
    <ClInclude Include="CTaskMgr.h">
      <Filter>04.Manager\09.TaskMgr</Filter>
    </ClInclude>
    <ClInclude Include="CMissileScript.h">
      <Filter>Scripts</Filter>
    </ClInclude>
    <ClInclude Include="CStructuredBuffer.h">
      <Filter>03.Device\StructuredBuffer</Filter>
    </ClInclude>
    <ClInclude Include="CLight2D.h">
      <Filter>07.Component\07.Light2D</Filter>
    </ClInclude>
    <ClInclude Include="CTileMap.h">
      <Filter>07.Component\09.Render\TileMap</Filter>
    </ClInclude>
    <ClInclude Include="CSetColorCS.h">
      <Filter>HLSL\04.ComputeShader\SetColorCS</Filter>
    </ClInclude>
    <ClInclude Include="CParticleSystem.h">
      <Filter>07.Component\09.Render\ParticleSystem</Filter>
    </ClInclude>
    <ClInclude Include="CParticleTickCS.h">
      <Filter>HLSL\04.ComputeShader\ParticleTickCS</Filter>
    </ClInclude>
    <ClInclude Include="CBackgroundScript.h">
      <Filter>Scripts</Filter>
    </ClInclude>
  </ItemGroup>
  <ItemGroup>
    <ClCompile Include="pch.cpp">
      <Filter>Default</Filter>
    </ClCompile>
    <ClCompile Include="Engine.cpp">
      <Filter>Default</Filter>
    </ClCompile>
    <ClCompile Include="CEngine.cpp">
      <Filter>02.Engine</Filter>
    </ClCompile>
    <ClCompile Include="CDevice.cpp">
      <Filter>03.Device</Filter>
    </ClCompile>
    <ClCompile Include="CTimeMgr.cpp">
      <Filter>04.Manager\01.TimeMgr</Filter>
    </ClCompile>
    <ClCompile Include="CPathMgr.cpp">
      <Filter>04.Manager\02.PathMgr</Filter>
    </ClCompile>
    <ClCompile Include="CKeyMgr.cpp">
      <Filter>04.Manager\03.KeyMgr</Filter>
    </ClCompile>
    <ClCompile Include="CEntity.cpp">
      <Filter>Module</Filter>
    </ClCompile>
    <ClCompile Include="CAsset.cpp">
      <Filter>08.Asset</Filter>
    </ClCompile>
    <ClCompile Include="CGameObject.cpp">
      <Filter>06.GameObject</Filter>
    </ClCompile>
    <ClCompile Include="CComponent.cpp">
      <Filter>07.Component</Filter>
    </ClCompile>
    <ClCompile Include="CMesh.cpp">
      <Filter>08.Asset\Mesh</Filter>
    </ClCompile>
    <ClCompile Include="CConstBuffer.cpp">
      <Filter>03.Device\ConstantBuffer</Filter>
    </ClCompile>
    <ClCompile Include="CShader.cpp">
      <Filter>08.Asset\Shader</Filter>
    </ClCompile>
    <ClCompile Include="CGraphicsShader.cpp">
      <Filter>08.Asset\Shader\GraphicsShader</Filter>
    </ClCompile>
    <ClCompile Include="CComputeShader.cpp">
      <Filter>08.Asset\Shader\ComputeShader</Filter>
    </ClCompile>
    <ClCompile Include="CAssetMgr.cpp">
      <Filter>04.Manager\04.AssetMgr</Filter>
    </ClCompile>
    <ClCompile Include="CAssetMgr_Init.cpp">
      <Filter>04.Manager\04.AssetMgr</Filter>
    </ClCompile>
    <ClCompile Include="CRenderComponent.cpp">
      <Filter>07.Component\09.Render</Filter>
    </ClCompile>
    <ClCompile Include="CTransform.cpp">
      <Filter>07.Component\01.Transform</Filter>
    </ClCompile>
    <ClCompile Include="CMeshRender.cpp">
      <Filter>07.Component\09.Render\01.MeshRender</Filter>
    </ClCompile>
    <ClCompile Include="CScript.cpp">
      <Filter>07.Component\Script</Filter>
    </ClCompile>
    <ClCompile Include="CPlayerScript.cpp">
      <Filter>Scripts</Filter>
    </ClCompile>
    <ClCompile Include="CLevel.cpp">
      <Filter>05.Level</Filter>
    </ClCompile>
    <ClCompile Include="CLayer.cpp">
      <Filter>05.Level</Filter>
    </ClCompile>
    <ClCompile Include="CLevelMgr.cpp">
      <Filter>04.Manager\05.LevelMgr</Filter>
    </ClCompile>
    <ClCompile Include="CTexture.cpp">
      <Filter>08.Asset\Texture</Filter>
    </ClCompile>
    <ClCompile Include="CCamera.cpp">
      <Filter>07.Component\02.Camera</Filter>
    </ClCompile>
    <ClCompile Include="CRenderMgr.cpp">
      <Filter>04.Manager\07.RenderMgr</Filter>
    </ClCompile>
    <ClCompile Include="extern.cpp">
      <Filter>01.Header</Filter>
    </ClCompile>
    <ClCompile Include="CCameraMoveScript.cpp">
      <Filter>Scripts</Filter>
    </ClCompile>
    <ClCompile Include="CMaterial.cpp">
      <Filter>08.Asset\Material</Filter>
    </ClCompile>
    <ClCompile Include="CDebugRenderMgr.cpp">
      <Filter>04.Manager\08.DebugRenderMgr</Filter>
    </ClCompile>
    <ClCompile Include="func.cpp">
      <Filter>01.Header</Filter>
    </ClCompile>
    <ClCompile Include="CCollision2D.cpp">
      <Filter>07.Component\03.Collision2D</Filter>
    </ClCompile>
    <ClCompile Include="CCollisionMgr.cpp">
      <Filter>04.Manager\06.CollisionMgr</Filter>
    </ClCompile>
    <ClCompile Include="CAnimator2D.cpp">
      <Filter>07.Component\05.Animator2D</Filter>
    </ClCompile>
    <ClCompile Include="CAnim2D.cpp">
      <Filter>07.Component\05.Animator2D\Animation</Filter>
    </ClCompile>
    <ClCompile Include="CTaskMgr.cpp">
      <Filter>04.Manager\09.TaskMgr</Filter>
    </ClCompile>
    <ClCompile Include="CMissileScript.cpp">
      <Filter>Scripts</Filter>
    </ClCompile>
    <ClCompile Include="CStructuredBuffer.cpp">
      <Filter>03.Device\StructuredBuffer</Filter>
    </ClCompile>
    <ClCompile Include="CLight2D.cpp">
      <Filter>07.Component\07.Light2D</Filter>
    </ClCompile>
    <ClCompile Include="CTileMap.cpp">
      <Filter>07.Component\09.Render\TileMap</Filter>
    </ClCompile>
    <ClCompile Include="CSetColorCS.cpp">
      <Filter>HLSL\04.ComputeShader\SetColorCS</Filter>
    </ClCompile>
    <ClCompile Include="CParticleSystem.cpp">
      <Filter>07.Component\09.Render\ParticleSystem</Filter>
    </ClCompile>
    <ClCompile Include="CParticleTickCS.cpp">
      <Filter>HLSL\04.ComputeShader\ParticleTickCS</Filter>
    </ClCompile>
    <ClCompile Include="CBackgroundScript.cpp">
      <Filter>Scripts</Filter>
    </ClCompile>
  </ItemGroup>
  <ItemGroup>
    <None Include="SimpleMath.inl">
      <Filter>Module</Filter>
    </None>
  </ItemGroup>
  <ItemGroup>
    <FxCompile Include="std2d.fx">
      <Filter>HLSL\02.2D</Filter>
    </FxCompile>
    <FxCompile Include="debug_shape.fx">
      <Filter>HLSL\02.2D</Filter>
    </FxCompile>
    <FxCompile Include="struct.fx">
      <Filter>HLSL\01.Header</Filter>
    </FxCompile>
    <FxCompile Include="value.fx">
      <Filter>HLSL\01.Header</Filter>
    </FxCompile>
    <FxCompile Include="func.fx">
      <Filter>HLSL\01.Header</Filter>
    </FxCompile>
    <FxCompile Include="tilemap.fx">
      <Filter>HLSL\02.2D</Filter>
    </FxCompile>
    <FxCompile Include="setcolor.fx">
      <Filter>HLSL\04.ComputeShader\SetColorCS</Filter>
    </FxCompile>
    <FxCompile Include="particle.fx">
      <Filter>HLSL\03.3D</Filter>
    </FxCompile>
    <FxCompile Include="particletick.fx">
      <Filter>HLSL\04.ComputeShader\ParticleTickCS</Filter>
    </FxCompile>
  </ItemGroup>
</Project>